// !$*UTF8*$!
{
	archiveVersion = 1;
	classes = {
	};
	objectVersion = 50;
	objects = {

/* Begin PBXBuildFile section */
		6FB1845C209C55C900811543 /* FollowLifeKit.h in Headers */ = {isa = PBXBuildFile; fileRef = 6FB1845A209C55C900811543 /* FollowLifeKit.h */; settings = {ATTRIBUTES = (Public, ); }; };
		6FB184AF209C589C00811543 /* Alamofire.framework in Frameworks */ = {isa = PBXBuildFile; fileRef = 6FB1846E209C56A100811543 /* Alamofire.framework */; };
		6FB184B0209C58AD00811543 /* AlamofireImage.framework in Frameworks */ = {isa = PBXBuildFile; fileRef = 6FB184A1209C587300811543 /* AlamofireImage.framework */; };
		6FB184B1209C58B600811543 /* SwiftyJSON.framework in Frameworks */ = {isa = PBXBuildFile; fileRef = 6FB18487209C56AD00811543 /* SwiftyJSON.framework */; };
		6FB184BB209C58FF00811543 /* FollowLifeKitWatch.h in Headers */ = {isa = PBXBuildFile; fileRef = 6FB184B9209C58FF00811543 /* FollowLifeKitWatch.h */; settings = {ATTRIBUTES = (Public, ); }; };
		6FB184C1209C598C00811543 /* Alamofire.framework in Frameworks */ = {isa = PBXBuildFile; fileRef = 6FB1847A209C56A100811543 /* Alamofire.framework */; };
		6FB184C2209C599200811543 /* AlamofireImage.framework in Frameworks */ = {isa = PBXBuildFile; fileRef = 6FB184AD209C587300811543 /* AlamofireImage.framework */; };
		6FB184C3209C599700811543 /* SwiftyJSON.framework in Frameworks */ = {isa = PBXBuildFile; fileRef = 6FB1848F209C56AD00811543 /* SwiftyJSON.framework */; };
		6FB184C7209C5B7A00811543 /* FollowLifeApi.swift in Sources */ = {isa = PBXBuildFile; fileRef = 6FB184C6209C5B7A00811543 /* FollowLifeApi.swift */; };
		6FB184C8209C5B7A00811543 /* FollowLifeApi.swift in Sources */ = {isa = PBXBuildFile; fileRef = 6FB184C6209C5B7A00811543 /* FollowLifeApi.swift */; };
/* End PBXBuildFile section */

/* Begin PBXContainerItemProxy section */
		6FB1846D209C56A100811543 /* PBXContainerItemProxy */ = {
			isa = PBXContainerItemProxy;
			containerPortal = 6FB18462209C56A100811543 /* Alamofire.xcodeproj */;
			proxyType = 2;
			remoteGlobalIDString = F8111E3319A95C8B0040E7D1;
			remoteInfo = "Alamofire iOS";
		};
		6FB1846F209C56A100811543 /* PBXContainerItemProxy */ = {
			isa = PBXContainerItemProxy;
			containerPortal = 6FB18462209C56A100811543 /* Alamofire.xcodeproj */;
			proxyType = 2;
			remoteGlobalIDString = F8111E3E19A95C8B0040E7D1;
			remoteInfo = "Alamofire iOS Tests";
		};
		6FB18471209C56A100811543 /* PBXContainerItemProxy */ = {
			isa = PBXContainerItemProxy;
			containerPortal = 6FB18462209C56A100811543 /* Alamofire.xcodeproj */;
			proxyType = 2;
			remoteGlobalIDString = 4DD67C0B1A5C55C900ED2280;
			remoteInfo = "Alamofire macOS";
		};
		6FB18473209C56A100811543 /* PBXContainerItemProxy */ = {
			isa = PBXContainerItemProxy;
			containerPortal = 6FB18462209C56A100811543 /* Alamofire.xcodeproj */;
			proxyType = 2;
			remoteGlobalIDString = F829C6B21A7A94F100A2CD59;
			remoteInfo = "Alamofire macOS Tests";
		};
		6FB18475209C56A100811543 /* PBXContainerItemProxy */ = {
			isa = PBXContainerItemProxy;
			containerPortal = 6FB18462209C56A100811543 /* Alamofire.xcodeproj */;
			proxyType = 2;
			remoteGlobalIDString = 4CF626EF1BA7CB3E0011A099;
			remoteInfo = "Alamofire tvOS";
		};
		6FB18477209C56A100811543 /* PBXContainerItemProxy */ = {
			isa = PBXContainerItemProxy;
			containerPortal = 6FB18462209C56A100811543 /* Alamofire.xcodeproj */;
			proxyType = 2;
			remoteGlobalIDString = 4CF626F81BA7CB3E0011A099;
			remoteInfo = "Alamofire tvOS Tests";
		};
		6FB18479209C56A100811543 /* PBXContainerItemProxy */ = {
			isa = PBXContainerItemProxy;
			containerPortal = 6FB18462209C56A100811543 /* Alamofire.xcodeproj */;
			proxyType = 2;
			remoteGlobalIDString = E4202FE01B667AA100C997FB;
			remoteInfo = "Alamofire watchOS";
		};
		6FB18486209C56AD00811543 /* PBXContainerItemProxy */ = {
			isa = PBXContainerItemProxy;
			containerPortal = 6FB1847B209C56AD00811543 /* SwiftyJSON.xcodeproj */;
			proxyType = 2;
			remoteGlobalIDString = 2E4FEFDB19575BE100351305;
			remoteInfo = "SwiftyJSON iOS";
		};
		6FB18488209C56AD00811543 /* PBXContainerItemProxy */ = {
			isa = PBXContainerItemProxy;
			containerPortal = 6FB1847B209C56AD00811543 /* SwiftyJSON.xcodeproj */;
			proxyType = 2;
			remoteGlobalIDString = 2E4FEFE619575BE100351305;
			remoteInfo = "SwiftyJSON iOS Tests";
		};
		6FB1848A209C56AD00811543 /* PBXContainerItemProxy */ = {
			isa = PBXContainerItemProxy;
			containerPortal = 6FB1847B209C56AD00811543 /* SwiftyJSON.xcodeproj */;
			proxyType = 2;
			remoteGlobalIDString = 9C7DFC5B1A9102BD005AA3F7;
			remoteInfo = "SwiftyJSON macOS";
		};
		6FB1848C209C56AD00811543 /* PBXContainerItemProxy */ = {
			isa = PBXContainerItemProxy;
			containerPortal = 6FB1847B209C56AD00811543 /* SwiftyJSON.xcodeproj */;
			proxyType = 2;
			remoteGlobalIDString = 9C7DFC651A9102BD005AA3F7;
			remoteInfo = "SwiftyJSON macOS Tests";
		};
		6FB1848E209C56AD00811543 /* PBXContainerItemProxy */ = {
			isa = PBXContainerItemProxy;
			containerPortal = 6FB1847B209C56AD00811543 /* SwiftyJSON.xcodeproj */;
			proxyType = 2;
			remoteGlobalIDString = E4D7CCE81B9465A700EE7221;
			remoteInfo = "SwiftyJSON watchOS";
		};
		6FB18490209C56AD00811543 /* PBXContainerItemProxy */ = {
			isa = PBXContainerItemProxy;
			containerPortal = 6FB1847B209C56AD00811543 /* SwiftyJSON.xcodeproj */;
			proxyType = 2;
			remoteGlobalIDString = 7236B4F61BAC14150020529B;
			remoteInfo = "SwiftyJSON tvOS";
		};
		6FB18492209C56AD00811543 /* PBXContainerItemProxy */ = {
			isa = PBXContainerItemProxy;
			containerPortal = 6FB1847B209C56AD00811543 /* SwiftyJSON.xcodeproj */;
			proxyType = 2;
			remoteGlobalIDString = A8580F741BCF5C5B00DA927B;
			remoteInfo = "SwiftyJSON tvOS Tests";
		};
		6FB184A0209C587300811543 /* PBXContainerItemProxy */ = {
			isa = PBXContainerItemProxy;
			containerPortal = 6FB18494209C587300811543 /* AlamofireImage.xcodeproj */;
			proxyType = 2;
			remoteGlobalIDString = 4C9043771AABBFC5001B4E60;
			remoteInfo = "AlamofireImage iOS";
		};
		6FB184A2209C587300811543 /* PBXContainerItemProxy */ = {
			isa = PBXContainerItemProxy;
			containerPortal = 6FB18494209C587300811543 /* AlamofireImage.xcodeproj */;
			proxyType = 2;
			remoteGlobalIDString = 4C9043821AABBFC5001B4E60;
			remoteInfo = "AlamofireImage iOS Tests";
		};
		6FB184A4209C587300811543 /* PBXContainerItemProxy */ = {
			isa = PBXContainerItemProxy;
			containerPortal = 6FB18494209C587300811543 /* AlamofireImage.xcodeproj */;
			proxyType = 2;
			remoteGlobalIDString = 4CE611321AABC24E00D35044;
			remoteInfo = "AlamofireImage macOS";
		};
		6FB184A6209C587300811543 /* PBXContainerItemProxy */ = {
			isa = PBXContainerItemProxy;
			containerPortal = 6FB18494209C587300811543 /* AlamofireImage.xcodeproj */;
			proxyType = 2;
			remoteGlobalIDString = 4CE611471AABC5C900D35044;
			remoteInfo = "AlamofireImage macOS Tests";
		};
		6FB184A8209C587300811543 /* PBXContainerItemProxy */ = {
			isa = PBXContainerItemProxy;
			containerPortal = 6FB18494209C587300811543 /* AlamofireImage.xcodeproj */;
			proxyType = 2;
			remoteGlobalIDString = 4C16B37D1BA9399500A66EF0;
			remoteInfo = "AlamofireImage tvOS";
		};
		6FB184AA209C587300811543 /* PBXContainerItemProxy */ = {
			isa = PBXContainerItemProxy;
			containerPortal = 6FB18494209C587300811543 /* AlamofireImage.xcodeproj */;
			proxyType = 2;
			remoteGlobalIDString = 4C16B3861BA9399500A66EF0;
			remoteInfo = "AlamofireImage tvOS Tests";
		};
		6FB184AC209C587300811543 /* PBXContainerItemProxy */ = {
			isa = PBXContainerItemProxy;
			containerPortal = 6FB18494209C587300811543 /* AlamofireImage.xcodeproj */;
			proxyType = 2;
			remoteGlobalIDString = 4C4D4EC11B92976900C96855;
			remoteInfo = "AlamofireImage watchOS";
		};
/* End PBXContainerItemProxy section */

/* Begin PBXFileReference section */
		6FB18457209C55C900811543 /* FollowLifeKit.framework */ = {isa = PBXFileReference; explicitFileType = wrapper.framework; includeInIndex = 0; path = FollowLifeKit.framework; sourceTree = BUILT_PRODUCTS_DIR; };
		6FB1845A209C55C900811543 /* FollowLifeKit.h */ = {isa = PBXFileReference; lastKnownFileType = sourcecode.c.h; path = FollowLifeKit.h; sourceTree = "<group>"; };
		6FB1845B209C55C900811543 /* Info.plist */ = {isa = PBXFileReference; lastKnownFileType = text.plist.xml; path = Info.plist; sourceTree = "<group>"; };
		6FB18462209C56A100811543 /* Alamofire.xcodeproj */ = {isa = PBXFileReference; lastKnownFileType = "wrapper.pb-project"; name = Alamofire.xcodeproj; path = ../Alamofire/Alamofire.xcodeproj; sourceTree = "<group>"; };
		6FB1847B209C56AD00811543 /* SwiftyJSON.xcodeproj */ = {isa = PBXFileReference; lastKnownFileType = "wrapper.pb-project"; name = SwiftyJSON.xcodeproj; path = ../SwiftyJSON/SwiftyJSON.xcodeproj; sourceTree = "<group>"; };
		6FB18494209C587300811543 /* AlamofireImage.xcodeproj */ = {isa = PBXFileReference; lastKnownFileType = "wrapper.pb-project"; name = AlamofireImage.xcodeproj; path = ../AlamofireImage/AlamofireImage.xcodeproj; sourceTree = "<group>"; };
		6FB184B7209C58FF00811543 /* FollowLifeKitWatch.framework */ = {isa = PBXFileReference; explicitFileType = wrapper.framework; includeInIndex = 0; path = FollowLifeKitWatch.framework; sourceTree = BUILT_PRODUCTS_DIR; };
		6FB184B9209C58FF00811543 /* FollowLifeKitWatch.h */ = {isa = PBXFileReference; lastKnownFileType = sourcecode.c.h; path = FollowLifeKitWatch.h; sourceTree = "<group>"; };
		6FB184BA209C58FF00811543 /* Info.plist */ = {isa = PBXFileReference; lastKnownFileType = text.plist.xml; path = Info.plist; sourceTree = "<group>"; };
		6FB184C6209C5B7A00811543 /* FollowLifeApi.swift */ = {isa = PBXFileReference; lastKnownFileType = sourcecode.swift; path = FollowLifeApi.swift; sourceTree = "<group>"; };
/* End PBXFileReference section */

/* Begin PBXFrameworksBuildPhase section */
		6FB18453209C55C900811543 /* Frameworks */ = {
			isa = PBXFrameworksBuildPhase;
			buildActionMask = 2147483647;
			files = (
				6FB184B1209C58B600811543 /* SwiftyJSON.framework in Frameworks */,
				6FB184B0209C58AD00811543 /* AlamofireImage.framework in Frameworks */,
				6FB184AF209C589C00811543 /* Alamofire.framework in Frameworks */,
			);
			runOnlyForDeploymentPostprocessing = 0;
		};
		6FB184B3209C58FF00811543 /* Frameworks */ = {
			isa = PBXFrameworksBuildPhase;
			buildActionMask = 2147483647;
			files = (
				6FB184C3209C599700811543 /* SwiftyJSON.framework in Frameworks */,
				6FB184C2209C599200811543 /* AlamofireImage.framework in Frameworks */,
				6FB184C1209C598C00811543 /* Alamofire.framework in Frameworks */,
			);
			runOnlyForDeploymentPostprocessing = 0;
		};
/* End PBXFrameworksBuildPhase section */

/* Begin PBXGroup section */
		6FB1844D209C55C900811543 = {
			isa = PBXGroup;
			children = (
				6FB18494209C587300811543 /* AlamofireImage.xcodeproj */,
				6FB1847B209C56AD00811543 /* SwiftyJSON.xcodeproj */,
				6FB18462209C56A100811543 /* Alamofire.xcodeproj */,
				6FB18459209C55C900811543 /* FollowLifeKit */,
				6FB184B8209C58FF00811543 /* FollowLifeKitWatch */,
				6FB18458209C55C900811543 /* Products */,
				6FB184AE209C589C00811543 /* Frameworks */,
			);
			sourceTree = "<group>";
		};
		6FB18458209C55C900811543 /* Products */ = {
			isa = PBXGroup;
			children = (
				6FB18457209C55C900811543 /* FollowLifeKit.framework */,
				6FB184B7209C58FF00811543 /* FollowLifeKitWatch.framework */,
			);
			name = Products;
			sourceTree = "<group>";
		};
		6FB18459209C55C900811543 /* FollowLifeKit */ = {
			isa = PBXGroup;
			children = (
				6FB184C5209C5ACC00811543 /* Model */,
				6FB184C4209C5AC100811543 /* Network */,
				6FB1845A209C55C900811543 /* FollowLifeKit.h */,
				6FB1845B209C55C900811543 /* Info.plist */,
			);
			path = FollowLifeKit;
			sourceTree = "<group>";
		};
		6FB18463209C56A100811543 /* Products */ = {
			isa = PBXGroup;
			children = (
				6FB1846E209C56A100811543 /* Alamofire.framework */,
				6FB18470209C56A100811543 /* Alamofire iOS Tests.xctest */,
				6FB18472209C56A100811543 /* Alamofire.framework */,
				6FB18474209C56A100811543 /* Alamofire macOS Tests.xctest */,
				6FB18476209C56A100811543 /* Alamofire.framework */,
				6FB18478209C56A100811543 /* Alamofire tvOS Tests.xctest */,
				6FB1847A209C56A100811543 /* Alamofire.framework */,
			);
			name = Products;
			sourceTree = "<group>";
		};
		6FB1847C209C56AD00811543 /* Products */ = {
			isa = PBXGroup;
			children = (
				6FB18487209C56AD00811543 /* SwiftyJSON.framework */,
				6FB18489209C56AD00811543 /* SwiftyJSON iOS Tests.xctest */,
				6FB1848B209C56AD00811543 /* SwiftyJSON.framework */,
				6FB1848D209C56AD00811543 /* SwiftyJSON macOS Tests.xctest */,
				6FB1848F209C56AD00811543 /* SwiftyJSON.framework */,
				6FB18491209C56AD00811543 /* SwiftyJSON.framework */,
				6FB18493209C56AD00811543 /* SwiftyJSON tvOS Tests.xctest */,
			);
			name = Products;
			sourceTree = "<group>";
		};
		6FB18495209C587300811543 /* Products */ = {
			isa = PBXGroup;
			children = (
				6FB184A1209C587300811543 /* AlamofireImage.framework */,
				6FB184A3209C587300811543 /* AlamofireImage iOS Tests.xctest */,
				6FB184A5209C587300811543 /* AlamofireImage.framework */,
				6FB184A7209C587300811543 /* AlamofireImage macOS Tests.xctest */,
				6FB184A9209C587300811543 /* AlamofireImage.framework */,
				6FB184AB209C587300811543 /* AlamofireImage tvOS Tests.xctest */,
				6FB184AD209C587300811543 /* AlamofireImage.framework */,
			);
			name = Products;
			sourceTree = "<group>";
		};
		6FB184AE209C589C00811543 /* Frameworks */ = {
			isa = PBXGroup;
			children = (
			);
			name = Frameworks;
			sourceTree = "<group>";
		};
		6FB184B8209C58FF00811543 /* FollowLifeKitWatch */ = {
			isa = PBXGroup;
			children = (
				6FB184B9209C58FF00811543 /* FollowLifeKitWatch.h */,
				6FB184BA209C58FF00811543 /* Info.plist */,
			);
			path = FollowLifeKitWatch;
			sourceTree = "<group>";
		};
		6FB184C4209C5AC100811543 /* Network */ = {
			isa = PBXGroup;
			children = (
				6FB184C6209C5B7A00811543 /* FollowLifeApi.swift */,
			);
			path = Network;
			sourceTree = "<group>";
		};
		6FB184C5209C5ACC00811543 /* Model */ = {
			isa = PBXGroup;
			children = (
			);
			path = Model;
			sourceTree = "<group>";
		};
/* End PBXGroup section */

/* Begin PBXHeadersBuildPhase section */
		6FB18454209C55C900811543 /* Headers */ = {
			isa = PBXHeadersBuildPhase;
			buildActionMask = 2147483647;
			files = (
				6FB1845C209C55C900811543 /* FollowLifeKit.h in Headers */,
			);
			runOnlyForDeploymentPostprocessing = 0;
		};
		6FB184B4209C58FF00811543 /* Headers */ = {
			isa = PBXHeadersBuildPhase;
			buildActionMask = 2147483647;
			files = (
				6FB184BB209C58FF00811543 /* FollowLifeKitWatch.h in Headers */,
			);
			runOnlyForDeploymentPostprocessing = 0;
		};
/* End PBXHeadersBuildPhase section */

/* Begin PBXNativeTarget section */
		6FB18456209C55C900811543 /* FollowLifeKit */ = {
			isa = PBXNativeTarget;
			buildConfigurationList = 6FB1845F209C55C900811543 /* Build configuration list for PBXNativeTarget "FollowLifeKit" */;
			buildPhases = (
				6FB18452209C55C900811543 /* Sources */,
				6FB18453209C55C900811543 /* Frameworks */,
				6FB18454209C55C900811543 /* Headers */,
				6FB18455209C55C900811543 /* Resources */,
			);
			buildRules = (
			);
			dependencies = (
			);
			name = FollowLifeKit;
			productName = FollowLifeKit;
			productReference = 6FB18457209C55C900811543 /* FollowLifeKit.framework */;
			productType = "com.apple.product-type.framework";
		};
		6FB184B6209C58FF00811543 /* FollowLifeKitWatch */ = {
			isa = PBXNativeTarget;
			buildConfigurationList = 6FB184BC209C58FF00811543 /* Build configuration list for PBXNativeTarget "FollowLifeKitWatch" */;
			buildPhases = (
				6FB184B2209C58FF00811543 /* Sources */,
				6FB184B3209C58FF00811543 /* Frameworks */,
				6FB184B4209C58FF00811543 /* Headers */,
				6FB184B5209C58FF00811543 /* Resources */,
			);
			buildRules = (
			);
			dependencies = (
			);
			name = FollowLifeKitWatch;
			productName = FollowLifeKitWatch;
			productReference = 6FB184B7209C58FF00811543 /* FollowLifeKitWatch.framework */;
			productType = "com.apple.product-type.framework";
		};
/* End PBXNativeTarget section */

/* Begin PBXProject section */
		6FB1844E209C55C900811543 /* Project object */ = {
			isa = PBXProject;
			attributes = {
				LastUpgradeCheck = 0930;
				ORGANIZATIONNAME = FollowLife;
				TargetAttributes = {
					6FB18456209C55C900811543 = {
						CreatedOnToolsVersion = 9.3;
						LastSwiftMigration = 0930;
					};
					6FB184B6209C58FF00811543 = {
						CreatedOnToolsVersion = 9.3;
						LastSwiftMigration = 0930;
					};
				};
			};
			buildConfigurationList = 6FB18451209C55C900811543 /* Build configuration list for PBXProject "FollowLifeKit" */;
			compatibilityVersion = "Xcode 9.3";
			developmentRegion = en;
			hasScannedForEncodings = 0;
			knownRegions = (
				en,
			);
			mainGroup = 6FB1844D209C55C900811543;
			productRefGroup = 6FB18458209C55C900811543 /* Products */;
			projectDirPath = "";
			projectReferences = (
				{
					ProductGroup = 6FB18463209C56A100811543 /* Products */;
					ProjectRef = 6FB18462209C56A100811543 /* Alamofire.xcodeproj */;
				},
				{
					ProductGroup = 6FB18495209C587300811543 /* Products */;
					ProjectRef = 6FB18494209C587300811543 /* AlamofireImage.xcodeproj */;
				},
				{
					ProductGroup = 6FB1847C209C56AD00811543 /* Products */;
					ProjectRef = 6FB1847B209C56AD00811543 /* SwiftyJSON.xcodeproj */;
				},
			);
			projectRoot = "";
			targets = (
				6FB18456209C55C900811543 /* FollowLifeKit */,
				6FB184B6209C58FF00811543 /* FollowLifeKitWatch */,
			);
		};
/* End PBXProject section */

/* Begin PBXReferenceProxy section */
		6FB1846E209C56A100811543 /* Alamofire.framework */ = {
			isa = PBXReferenceProxy;
			fileType = wrapper.framework;
			path = Alamofire.framework;
			remoteRef = 6FB1846D209C56A100811543 /* PBXContainerItemProxy */;
			sourceTree = BUILT_PRODUCTS_DIR;
		};
		6FB18470209C56A100811543 /* Alamofire iOS Tests.xctest */ = {
			isa = PBXReferenceProxy;
			fileType = wrapper.cfbundle;
			path = "Alamofire iOS Tests.xctest";
			remoteRef = 6FB1846F209C56A100811543 /* PBXContainerItemProxy */;
			sourceTree = BUILT_PRODUCTS_DIR;
		};
		6FB18472209C56A100811543 /* Alamofire.framework */ = {
			isa = PBXReferenceProxy;
			fileType = wrapper.framework;
			path = Alamofire.framework;
			remoteRef = 6FB18471209C56A100811543 /* PBXContainerItemProxy */;
			sourceTree = BUILT_PRODUCTS_DIR;
		};
		6FB18474209C56A100811543 /* Alamofire macOS Tests.xctest */ = {
			isa = PBXReferenceProxy;
			fileType = wrapper.cfbundle;
			path = "Alamofire macOS Tests.xctest";
			remoteRef = 6FB18473209C56A100811543 /* PBXContainerItemProxy */;
			sourceTree = BUILT_PRODUCTS_DIR;
		};
		6FB18476209C56A100811543 /* Alamofire.framework */ = {
			isa = PBXReferenceProxy;
			fileType = wrapper.framework;
			path = Alamofire.framework;
			remoteRef = 6FB18475209C56A100811543 /* PBXContainerItemProxy */;
			sourceTree = BUILT_PRODUCTS_DIR;
		};
		6FB18478209C56A100811543 /* Alamofire tvOS Tests.xctest */ = {
			isa = PBXReferenceProxy;
			fileType = wrapper.cfbundle;
			path = "Alamofire tvOS Tests.xctest";
			remoteRef = 6FB18477209C56A100811543 /* PBXContainerItemProxy */;
			sourceTree = BUILT_PRODUCTS_DIR;
		};
		6FB1847A209C56A100811543 /* Alamofire.framework */ = {
			isa = PBXReferenceProxy;
			fileType = wrapper.framework;
			path = Alamofire.framework;
			remoteRef = 6FB18479209C56A100811543 /* PBXContainerItemProxy */;
			sourceTree = BUILT_PRODUCTS_DIR;
		};
		6FB18487209C56AD00811543 /* SwiftyJSON.framework */ = {
			isa = PBXReferenceProxy;
			fileType = wrapper.framework;
			path = SwiftyJSON.framework;
			remoteRef = 6FB18486209C56AD00811543 /* PBXContainerItemProxy */;
			sourceTree = BUILT_PRODUCTS_DIR;
		};
		6FB18489209C56AD00811543 /* SwiftyJSON iOS Tests.xctest */ = {
			isa = PBXReferenceProxy;
			fileType = wrapper.cfbundle;
			path = "SwiftyJSON iOS Tests.xctest";
			remoteRef = 6FB18488209C56AD00811543 /* PBXContainerItemProxy */;
			sourceTree = BUILT_PRODUCTS_DIR;
		};
		6FB1848B209C56AD00811543 /* SwiftyJSON.framework */ = {
			isa = PBXReferenceProxy;
			fileType = wrapper.framework;
			path = SwiftyJSON.framework;
			remoteRef = 6FB1848A209C56AD00811543 /* PBXContainerItemProxy */;
			sourceTree = BUILT_PRODUCTS_DIR;
		};
		6FB1848D209C56AD00811543 /* SwiftyJSON macOS Tests.xctest */ = {
			isa = PBXReferenceProxy;
			fileType = wrapper.cfbundle;
			path = "SwiftyJSON macOS Tests.xctest";
			remoteRef = 6FB1848C209C56AD00811543 /* PBXContainerItemProxy */;
			sourceTree = BUILT_PRODUCTS_DIR;
		};
		6FB1848F209C56AD00811543 /* SwiftyJSON.framework */ = {
			isa = PBXReferenceProxy;
			fileType = wrapper.framework;
			path = SwiftyJSON.framework;
			remoteRef = 6FB1848E209C56AD00811543 /* PBXContainerItemProxy */;
			sourceTree = BUILT_PRODUCTS_DIR;
		};
		6FB18491209C56AD00811543 /* SwiftyJSON.framework */ = {
			isa = PBXReferenceProxy;
			fileType = wrapper.framework;
			path = SwiftyJSON.framework;
			remoteRef = 6FB18490209C56AD00811543 /* PBXContainerItemProxy */;
			sourceTree = BUILT_PRODUCTS_DIR;
		};
		6FB18493209C56AD00811543 /* SwiftyJSON tvOS Tests.xctest */ = {
			isa = PBXReferenceProxy;
			fileType = wrapper.cfbundle;
			path = "SwiftyJSON tvOS Tests.xctest";
			remoteRef = 6FB18492209C56AD00811543 /* PBXContainerItemProxy */;
			sourceTree = BUILT_PRODUCTS_DIR;
		};
		6FB184A1209C587300811543 /* AlamofireImage.framework */ = {
			isa = PBXReferenceProxy;
			fileType = wrapper.framework;
			path = AlamofireImage.framework;
			remoteRef = 6FB184A0209C587300811543 /* PBXContainerItemProxy */;
			sourceTree = BUILT_PRODUCTS_DIR;
		};
		6FB184A3209C587300811543 /* AlamofireImage iOS Tests.xctest */ = {
			isa = PBXReferenceProxy;
			fileType = wrapper.cfbundle;
			path = "AlamofireImage iOS Tests.xctest";
			remoteRef = 6FB184A2209C587300811543 /* PBXContainerItemProxy */;
			sourceTree = BUILT_PRODUCTS_DIR;
		};
		6FB184A5209C587300811543 /* AlamofireImage.framework */ = {
			isa = PBXReferenceProxy;
			fileType = wrapper.framework;
			path = AlamofireImage.framework;
			remoteRef = 6FB184A4209C587300811543 /* PBXContainerItemProxy */;
			sourceTree = BUILT_PRODUCTS_DIR;
		};
		6FB184A7209C587300811543 /* AlamofireImage macOS Tests.xctest */ = {
			isa = PBXReferenceProxy;
			fileType = wrapper.cfbundle;
			path = "AlamofireImage macOS Tests.xctest";
			remoteRef = 6FB184A6209C587300811543 /* PBXContainerItemProxy */;
			sourceTree = BUILT_PRODUCTS_DIR;
		};
		6FB184A9209C587300811543 /* AlamofireImage.framework */ = {
			isa = PBXReferenceProxy;
			fileType = wrapper.framework;
			path = AlamofireImage.framework;
			remoteRef = 6FB184A8209C587300811543 /* PBXContainerItemProxy */;
			sourceTree = BUILT_PRODUCTS_DIR;
		};
		6FB184AB209C587300811543 /* AlamofireImage tvOS Tests.xctest */ = {
			isa = PBXReferenceProxy;
			fileType = wrapper.cfbundle;
			path = "AlamofireImage tvOS Tests.xctest";
			remoteRef = 6FB184AA209C587300811543 /* PBXContainerItemProxy */;
			sourceTree = BUILT_PRODUCTS_DIR;
		};
		6FB184AD209C587300811543 /* AlamofireImage.framework */ = {
			isa = PBXReferenceProxy;
			fileType = wrapper.framework;
			path = AlamofireImage.framework;
			remoteRef = 6FB184AC209C587300811543 /* PBXContainerItemProxy */;
			sourceTree = BUILT_PRODUCTS_DIR;
		};
/* End PBXReferenceProxy section */

/* Begin PBXResourcesBuildPhase section */
		6FB18455209C55C900811543 /* Resources */ = {
			isa = PBXResourcesBuildPhase;
			buildActionMask = 2147483647;
			files = (
			);
			runOnlyForDeploymentPostprocessing = 0;
		};
		6FB184B5209C58FF00811543 /* Resources */ = {
			isa = PBXResourcesBuildPhase;
			buildActionMask = 2147483647;
			files = (
			);
			runOnlyForDeploymentPostprocessing = 0;
		};
/* End PBXResourcesBuildPhase section */

/* Begin PBXSourcesBuildPhase section */
		6FB18452209C55C900811543 /* Sources */ = {
			isa = PBXSourcesBuildPhase;
			buildActionMask = 2147483647;
			files = (
				6FB184C7209C5B7A00811543 /* FollowLifeApi.swift in Sources */,
			);
			runOnlyForDeploymentPostprocessing = 0;
		};
		6FB184B2209C58FF00811543 /* Sources */ = {
			isa = PBXSourcesBuildPhase;
			buildActionMask = 2147483647;
			files = (
				6FB184C8209C5B7A00811543 /* FollowLifeApi.swift in Sources */,
			);
			runOnlyForDeploymentPostprocessing = 0;
		};
/* End PBXSourcesBuildPhase section */

/* Begin XCBuildConfiguration section */
		6FB1845D209C55C900811543 /* Debug */ = {
			isa = XCBuildConfiguration;
			buildSettings = {
				ALWAYS_SEARCH_USER_PATHS = NO;
				CLANG_ANALYZER_NONNULL = YES;
				CLANG_ANALYZER_NUMBER_OBJECT_CONVERSION = YES_AGGRESSIVE;
				CLANG_CXX_LANGUAGE_STANDARD = "gnu++14";
				CLANG_CXX_LIBRARY = "libc++";
				CLANG_ENABLE_MODULES = YES;
				CLANG_ENABLE_OBJC_ARC = YES;
				CLANG_ENABLE_OBJC_WEAK = YES;
				CLANG_WARN_BLOCK_CAPTURE_AUTORELEASING = YES;
				CLANG_WARN_BOOL_CONVERSION = YES;
				CLANG_WARN_COMMA = YES;
				CLANG_WARN_CONSTANT_CONVERSION = YES;
				CLANG_WARN_DEPRECATED_OBJC_IMPLEMENTATIONS = YES;
				CLANG_WARN_DIRECT_OBJC_ISA_USAGE = YES_ERROR;
				CLANG_WARN_DOCUMENTATION_COMMENTS = YES;
				CLANG_WARN_EMPTY_BODY = YES;
				CLANG_WARN_ENUM_CONVERSION = YES;
				CLANG_WARN_INFINITE_RECURSION = YES;
				CLANG_WARN_INT_CONVERSION = YES;
				CLANG_WARN_NON_LITERAL_NULL_CONVERSION = YES;
				CLANG_WARN_OBJC_IMPLICIT_RETAIN_SELF = YES;
				CLANG_WARN_OBJC_LITERAL_CONVERSION = YES;
				CLANG_WARN_OBJC_ROOT_CLASS = YES_ERROR;
				CLANG_WARN_RANGE_LOOP_ANALYSIS = YES;
				CLANG_WARN_STRICT_PROTOTYPES = YES;
				CLANG_WARN_SUSPICIOUS_MOVE = YES;
				CLANG_WARN_UNGUARDED_AVAILABILITY = YES_AGGRESSIVE;
				CLANG_WARN_UNREACHABLE_CODE = YES;
				CLANG_WARN__DUPLICATE_METHOD_MATCH = YES;
				CODE_SIGN_IDENTITY = "iPhone Developer";
				COPY_PHASE_STRIP = NO;
				CURRENT_PROJECT_VERSION = 1;
				DEBUG_INFORMATION_FORMAT = dwarf;
				ENABLE_STRICT_OBJC_MSGSEND = YES;
				ENABLE_TESTABILITY = YES;
				GCC_C_LANGUAGE_STANDARD = gnu11;
				GCC_DYNAMIC_NO_PIC = NO;
				GCC_NO_COMMON_BLOCKS = YES;
				GCC_OPTIMIZATION_LEVEL = 0;
				GCC_PREPROCESSOR_DEFINITIONS = (
					"DEBUG=1",
					"$(inherited)",
				);
				GCC_WARN_64_TO_32_BIT_CONVERSION = YES;
				GCC_WARN_ABOUT_RETURN_TYPE = YES_ERROR;
				GCC_WARN_UNDECLARED_SELECTOR = YES;
				GCC_WARN_UNINITIALIZED_AUTOS = YES_AGGRESSIVE;
				GCC_WARN_UNUSED_FUNCTION = YES;
				GCC_WARN_UNUSED_VARIABLE = YES;
				IPHONEOS_DEPLOYMENT_TARGET = 11.3;
				MTL_ENABLE_DEBUG_INFO = YES;
				ONLY_ACTIVE_ARCH = YES;
				SDKROOT = iphoneos;
				SWIFT_ACTIVE_COMPILATION_CONDITIONS = DEBUG;
				SWIFT_OPTIMIZATION_LEVEL = "-Onone";
				VERSIONING_SYSTEM = "apple-generic";
				VERSION_INFO_PREFIX = "";
			};
			name = Debug;
		};
		6FB1845E209C55C900811543 /* Release */ = {
			isa = XCBuildConfiguration;
			buildSettings = {
				ALWAYS_SEARCH_USER_PATHS = NO;
				CLANG_ANALYZER_NONNULL = YES;
				CLANG_ANALYZER_NUMBER_OBJECT_CONVERSION = YES_AGGRESSIVE;
				CLANG_CXX_LANGUAGE_STANDARD = "gnu++14";
				CLANG_CXX_LIBRARY = "libc++";
				CLANG_ENABLE_MODULES = YES;
				CLANG_ENABLE_OBJC_ARC = YES;
				CLANG_ENABLE_OBJC_WEAK = YES;
				CLANG_WARN_BLOCK_CAPTURE_AUTORELEASING = YES;
				CLANG_WARN_BOOL_CONVERSION = YES;
				CLANG_WARN_COMMA = YES;
				CLANG_WARN_CONSTANT_CONVERSION = YES;
				CLANG_WARN_DEPRECATED_OBJC_IMPLEMENTATIONS = YES;
				CLANG_WARN_DIRECT_OBJC_ISA_USAGE = YES_ERROR;
				CLANG_WARN_DOCUMENTATION_COMMENTS = YES;
				CLANG_WARN_EMPTY_BODY = YES;
				CLANG_WARN_ENUM_CONVERSION = YES;
				CLANG_WARN_INFINITE_RECURSION = YES;
				CLANG_WARN_INT_CONVERSION = YES;
				CLANG_WARN_NON_LITERAL_NULL_CONVERSION = YES;
				CLANG_WARN_OBJC_IMPLICIT_RETAIN_SELF = YES;
				CLANG_WARN_OBJC_LITERAL_CONVERSION = YES;
				CLANG_WARN_OBJC_ROOT_CLASS = YES_ERROR;
				CLANG_WARN_RANGE_LOOP_ANALYSIS = YES;
				CLANG_WARN_STRICT_PROTOTYPES = YES;
				CLANG_WARN_SUSPICIOUS_MOVE = YES;
				CLANG_WARN_UNGUARDED_AVAILABILITY = YES_AGGRESSIVE;
				CLANG_WARN_UNREACHABLE_CODE = YES;
				CLANG_WARN__DUPLICATE_METHOD_MATCH = YES;
				CODE_SIGN_IDENTITY = "iPhone Developer";
				COPY_PHASE_STRIP = NO;
				CURRENT_PROJECT_VERSION = 1;
				DEBUG_INFORMATION_FORMAT = "dwarf-with-dsym";
				ENABLE_NS_ASSERTIONS = NO;
				ENABLE_STRICT_OBJC_MSGSEND = YES;
				GCC_C_LANGUAGE_STANDARD = gnu11;
				GCC_NO_COMMON_BLOCKS = YES;
				GCC_WARN_64_TO_32_BIT_CONVERSION = YES;
				GCC_WARN_ABOUT_RETURN_TYPE = YES_ERROR;
				GCC_WARN_UNDECLARED_SELECTOR = YES;
				GCC_WARN_UNINITIALIZED_AUTOS = YES_AGGRESSIVE;
				GCC_WARN_UNUSED_FUNCTION = YES;
				GCC_WARN_UNUSED_VARIABLE = YES;
				IPHONEOS_DEPLOYMENT_TARGET = 11.3;
				MTL_ENABLE_DEBUG_INFO = NO;
				SDKROOT = iphoneos;
				SWIFT_COMPILATION_MODE = wholemodule;
				SWIFT_OPTIMIZATION_LEVEL = "-O";
				VALIDATE_PRODUCT = YES;
				VERSIONING_SYSTEM = "apple-generic";
				VERSION_INFO_PREFIX = "";
			};
			name = Release;
		};
		6FB18460209C55C900811543 /* Debug */ = {
			isa = XCBuildConfiguration;
			buildSettings = {
				CLANG_ENABLE_MODULES = YES;
				CODE_SIGN_IDENTITY = "";
				CODE_SIGN_STYLE = Automatic;
				DEFINES_MODULE = YES;
				DEVELOPMENT_TEAM = 8468U436K8;
				DYLIB_COMPATIBILITY_VERSION = 1;
				DYLIB_CURRENT_VERSION = 1;
				DYLIB_INSTALL_NAME_BASE = "@rpath";
				INFOPLIST_FILE = FollowLifeKit/Info.plist;
				INSTALL_PATH = "$(LOCAL_LIBRARY_DIR)/Frameworks";
				LD_RUNPATH_SEARCH_PATHS = (
					"$(inherited)",
					"@executable_path/Frameworks",
					"@loader_path/Frameworks",
				);
				PRODUCT_BUNDLE_IDENTIFIER = com.upc.pe.FollowLifeKit;
				PRODUCT_NAME = "$(TARGET_NAME:c99extidentifier)";
				SKIP_INSTALL = YES;
				SWIFT_OPTIMIZATION_LEVEL = "-Onone";
				SWIFT_VERSION = 4.0;
				TARGETED_DEVICE_FAMILY = "1,2";
			};
			name = Debug;
		};
		6FB18461209C55C900811543 /* Release */ = {
			isa = XCBuildConfiguration;
			buildSettings = {
				CLANG_ENABLE_MODULES = YES;
				CODE_SIGN_IDENTITY = "";
				CODE_SIGN_STYLE = Automatic;
				DEFINES_MODULE = YES;
				DEVELOPMENT_TEAM = 8468U436K8;
				DYLIB_COMPATIBILITY_VERSION = 1;
				DYLIB_CURRENT_VERSION = 1;
				DYLIB_INSTALL_NAME_BASE = "@rpath";
				INFOPLIST_FILE = FollowLifeKit/Info.plist;
				INSTALL_PATH = "$(LOCAL_LIBRARY_DIR)/Frameworks";
				LD_RUNPATH_SEARCH_PATHS = (
					"$(inherited)",
					"@executable_path/Frameworks",
					"@loader_path/Frameworks",
				);
				PRODUCT_BUNDLE_IDENTIFIER = com.upc.pe.FollowLifeKit;
				PRODUCT_NAME = "$(TARGET_NAME:c99extidentifier)";
				SKIP_INSTALL = YES;
				SWIFT_VERSION = 4.0;
				TARGETED_DEVICE_FAMILY = "1,2";
			};
			name = Release;
		};
		6FB184BD209C58FF00811543 /* Debug */ = {
			isa = XCBuildConfiguration;
			buildSettings = {
				APPLICATION_EXTENSION_API_ONLY = YES;
				CLANG_ENABLE_MODULES = YES;
				CODE_SIGN_IDENTITY = "";
				CODE_SIGN_STYLE = Automatic;
				DEFINES_MODULE = YES;
				DEVELOPMENT_TEAM = 8468U436K8;
				DYLIB_COMPATIBILITY_VERSION = 1;
				DYLIB_CURRENT_VERSION = 1;
				DYLIB_INSTALL_NAME_BASE = "@rpath";
				INFOPLIST_FILE = FollowLifeKitWatch/Info.plist;
				INSTALL_PATH = "$(LOCAL_LIBRARY_DIR)/Frameworks";
				LD_RUNPATH_SEARCH_PATHS = (
					"$(inherited)",
					"@executable_path/Frameworks",
					"@loader_path/Frameworks",
				);
				PRODUCT_BUNDLE_IDENTIFIER = com.upc.pe.FollowLifeKitWatch;
				PRODUCT_NAME = "$(TARGET_NAME:c99extidentifier)";
				SDKROOT = watchos;
				SKIP_INSTALL = YES;
				SWIFT_OPTIMIZATION_LEVEL = "-Onone";
				SWIFT_VERSION = 4.0;
				TARGETED_DEVICE_FAMILY = 4;
				WATCHOS_DEPLOYMENT_TARGET = 4.3;
			};
			name = Debug;
		};
		6FB184BE209C58FF00811543 /* Release */ = {
			isa = XCBuildConfiguration;
			buildSettings = {
				APPLICATION_EXTENSION_API_ONLY = YES;
				CLANG_ENABLE_MODULES = YES;
				CODE_SIGN_IDENTITY = "";
				CODE_SIGN_STYLE = Automatic;
				DEFINES_MODULE = YES;
				DEVELOPMENT_TEAM = 8468U436K8;
				DYLIB_COMPATIBILITY_VERSION = 1;
				DYLIB_CURRENT_VERSION = 1;
				DYLIB_INSTALL_NAME_BASE = "@rpath";
				INFOPLIST_FILE = FollowLifeKitWatch/Info.plist;
				INSTALL_PATH = "$(LOCAL_LIBRARY_DIR)/Frameworks";
				LD_RUNPATH_SEARCH_PATHS = (
					"$(inherited)",
					"@executable_path/Frameworks",
					"@loader_path/Frameworks",
				);
				PRODUCT_BUNDLE_IDENTIFIER = com.upc.pe.FollowLifeKitWatch;
				PRODUCT_NAME = "$(TARGET_NAME:c99extidentifier)";
				SDKROOT = watchos;
				SKIP_INSTALL = YES;
				SWIFT_VERSION = 4.0;
				TARGETED_DEVICE_FAMILY = 4;
				WATCHOS_DEPLOYMENT_TARGET = 4.3;
			};
			name = Release;
		};
/* End XCBuildConfiguration section */

/* Begin XCConfigurationList section */
		6FB18451209C55C900811543 /* Build configuration list for PBXProject "FollowLifeKit" */ = {
			isa = XCConfigurationList;
			buildConfigurations = (
				6FB1845D209C55C900811543 /* Debug */,
				6FB1845E209C55C900811543 /* Release */,
			);
			defaultConfigurationIsVisible = 0;
			defaultConfigurationName = Release;
		};
		6FB1845F209C55C900811543 /* Build configuration list for PBXNativeTarget "FollowLifeKit" */ = {
			isa = XCConfigurationList;
			buildConfigurations = (
				6FB18460209C55C900811543 /* Debug */,
				6FB18461209C55C900811543 /* Release */,
			);
			defaultConfigurationIsVisible = 0;
			defaultConfigurationName = Release;
		};
		6FB184BC209C58FF00811543 /* Build configuration list for PBXNativeTarget "FollowLifeKitWatch" */ = {
			isa = XCConfigurationList;
			buildConfigurations = (
				6FB184BD209C58FF00811543 /* Debug */,
				6FB184BE209C58FF00811543 /* Release */,
			);
			defaultConfigurationIsVisible = 0;
			defaultConfigurationName = Release;
		};
/* End XCConfigurationList section */
	};
	rootObject = 6FB1844E209C55C900811543 /* Project object */;
}
